# This file is autogenerated, do not edit; changes may be undone by the next 'dep ensure'.


[[projects]]
  branch = "master"
  digest = "1:81f8c061c3d18ed1710957910542bc17d2b789c6cd19e0f654c30b35fd255ca5"
  name = "github.com/Azure/go-ansiterm"
  packages = [
    ".",
    "winterm",
  ]
  pruneopts = "NUT"
  revision = "d6e3b3328b783f23731bc4d058875b0371ff8109"

[[projects]]
  digest = "1:2d3b918a38b7a2daf5a9209043b422c8f97803e5d5ea6f8a9d41fd3045ef38db"
  name = "github.com/Masterminds/squirrel"
  packages = ["."]
  pruneopts = "NUT"
  revision = "a6b93000bd219143c56c16e6cb1c4b91da3f224b"
  version = "v1.0"

[[projects]]
  digest = "1:99632bb2b4e2c066233ee9d19c1370a695ebd2be18625e31390476d356db5d8a"
  name = "github.com/Microsoft/go-winio"
  packages = ["."]
  pruneopts = "NUT"
  revision = "a6d595ae73cf27a1b8fc32930668708f45ce1c85"
  version = "v0.4.9"

[[projects]]
  branch = "master"
  digest = "1:7da1a26e347165227c79dfb10b90b3b5dedb6cbae50e88cdb81f5b6259b5b951"
  name = "github.com/Nvveen/Gotty"
  packages = ["."]
  pruneopts = "NUT"
  revision = "cd527374f1e5bff4938207604a14f2e38a9cf512"

[[projects]]
  branch = "master"
  digest = "1:f5e4d540e80f4fb980244767df1af9d6d7a95230790aca62c262dca15cb23dbd"
  name = "github.com/alexflint/go-arg"
  packages = ["."]
  pruneopts = "NUT"
  revision = "f7c0423bd11ee80ab81d25c6d46f492998af8547"

[[projects]]
  branch = "master"
  digest = "1:9bbcd6858ae7fc009e6a27974bd38cf204bff2e68c4b83404963e931ecc5697f"
  name = "github.com/alexflint/go-scalar"
  packages = ["."]
  pruneopts = "NUT"
  revision = "e80c3b7ed292b052c7083b6fd7154a8422c33f65"

[[projects]]
  branch = "master"
  digest = "1:fc8dbcc2a5de7c093e167828ebbdf551641761d2ad75431d3a167d467a264115"
  name = "github.com/containerd/continuity"
  packages = ["pathdriver"]
  pruneopts = "NUT"
  revision = "0377f7d767206f3a9e8881d0f02267b0d89c7a62"

[[projects]]
  digest = "1:e3b55611cb86797357cc1cd2b3d38faf07ae3c4079f04b32e84d497422ab0d60"
  name = "github.com/coreos/go-systemd"
  packages = ["journal"]
  pruneopts = "NUT"
  revision = "39ca1b05acc7ad1220e09f133283b8859a8b71ab"
  version = "v17"

[[projects]]
  digest = "1:a2c1d0e43bd3baaa071d1b9ed72c27d78169b2b269f71c105ac4ba34b1be4a39"
  name = "github.com/davecgh/go-spew"
  packages = ["spew"]
  pruneopts = "NUT"
  revision = "346938d642f2ec3594ed81d874461961cd0faa76"
  version = "v1.1.0"

[[projects]]
  digest = "1:e32db9fddc5e745860ca0f4176670d2cf839d3afa06b09ad595b8a99be8b5cb6"
  name = "github.com/dlclark/regexp2"
  packages = [
    ".",
    "syntax",
  ]
  pruneopts = "NUT"
  revision = "487489b64fb796de2e55f4e8a4ad1e145f80e957"
  version = "v1.1.6"

[[projects]]
  branch = "master"
  digest = "1:4bb855e6604035211ef0726b3d3d9a9845db94e57bcb22ff79c65d311e0cde00"
  name = "github.com/docker/cli"
  packages = ["cli/command/image/build"]
  pruneopts = "NUT"
  revision = "effe36a155c3edb103993103bd4cf14392dc9134"

[[projects]]
  branch = "master"
  digest = "1:4189ee6a3844f555124d9d2656fe7af02fca961c2a9bad9074789df13a0c62e0"
  name = "github.com/docker/distribution"
  packages = [
    "digestset",
    "reference",
  ]
  pruneopts = "NUT"
  revision = "0dae0957e5fe3156c265d22bef4cba9efbf388e2"

[[projects]]
  branch = "master"
  digest = "1:9883c445ddf612328d716299478edbd26df72e2520a082c402f631c974ad6672"
  name = "github.com/docker/docker"
  packages = [
    "api",
    "api/types",
    "api/types/blkiodev",
    "api/types/container",
    "api/types/events",
    "api/types/filters",
    "api/types/image",
    "api/types/mount",
    "api/types/network",
    "api/types/registry",
    "api/types/strslice",
    "api/types/swarm",
    "api/types/swarm/runtime",
    "api/types/time",
    "api/types/versions",
    "api/types/volume",
    "builder/dockerignore",
    "builder/remotecontext/git",
    "client",
    "errdefs",
    "pkg/archive",
    "pkg/fileutils",
    "pkg/idtools",
    "pkg/ioutils",
    "pkg/jsonmessage",
    "pkg/longpath",
    "pkg/mount",
    "pkg/pools",
    "pkg/progress",
    "pkg/stdcopy",
    "pkg/streamformatter",
    "pkg/stringid",
    "pkg/symlink",
    "pkg/system",
    "pkg/term",
    "pkg/term/windows",
    "pkg/urlutil",
  ]
  pruneopts = "NUT"
  revision = "c3a02077149ea8ee1d53b2b60a3d36c29d1505f8"

[[projects]]
  digest = "1:2a47f7eb1a2c30428d1ee6808cb66d4deb17e68a3e55d696f03c8068552ba5e8"
  name = "github.com/docker/go-connections"
  packages = [
    "nat",
    "sockets",
    "tlsconfig",
  ]
  pruneopts = "NUT"
  revision = "7395e3f8aa162843a74ed6d48e79627d9792ac55"
  version = "v0.4.0"

[[projects]]
  digest = "1:4340101f42556a9cb2f7a360a0e95a019bfef6247d92e6c4c46f2433cf86a482"
  name = "github.com/docker/go-units"
  packages = ["."]
  pruneopts = "NUT"
  revision = "47565b4f722fb6ceae66b95f853feed578a4a51c"
  version = "v0.3.3"

[[projects]]
  branch = "master"
  digest = "1:75e8597d8dc06060652301f22dbd221e5d01167f324165490563c05cff7d6e42"
  name = "github.com/dop251/goja"
  packages = [
    ".",
    "ast",
    "file",
    "parser",
    "token",
  ]
  pruneopts = "NUT"
  revision = "ef8c030e3c96c5054c2f10ef925e7041e0583c07"

[[projects]]
  branch = "master"
  digest = "1:9a820defb68ef880bdaf786a6f1c5a47d4dfe367cf65a50deceee0e77a31524f"
  name = "github.com/dop251/goja_nodejs"
  packages = [
    "require",
    "util",
  ]
  pruneopts = "NUT"
  revision = "adff31b136e6b7e044712aab7236a775e1bd085e"

[[projects]]
  branch = "master"
  digest = "1:d88fbec94f9c94ab3b80a231e64cbc6c533753ca28ae76d5d7c21c58952f5592"
  name = "github.com/e-dard/netbug"
  packages = ["."]
  pruneopts = "NUT"
  revision = "e64d308a0b205c901264e88a10e70d64acb1810d"

[[projects]]
  digest = "1:e3719fe10a15f5140acc570e8d21e065f4e796b59d4e95063a08adcb0e49239e"
  name = "github.com/etherlabsio/healthcheck"
  packages = ["."]
  pruneopts = "NUT"
  revision = "343d97cb6361280be544941f6d50424fc19bd013"
  version = "2.0.2"

[[projects]]
  digest = "1:717e36544bc2aaa9f037ba61f80bf088aa2e3fd3805320f0f6107089104a787d"
  name = "github.com/go-chi/chi"
  packages = [
    ".",
    "middleware",
  ]
  pruneopts = "NUT"
  revision = "e83ac2304db3c50cf03d96a2fcd39009d458bc35"
  version = "v3.3.2"

[[projects]]
  digest = "1:c831043316efe18a5b81f75568c0de847645e127cac35082c68de5b4b417d18f"
  name = "github.com/go-chi/cors"
  packages = ["."]
  pruneopts = "NUT"
  revision = "dba6525398619dead495962a916728e7ee2ca322"
  version = "v1.0.0"

[[projects]]
  digest = "1:6982473e328c7049bdc425618872e37609d4bc58dc4198f4dcbe7cf64ca7b7f0"
  name = "github.com/go-chi/render"
  packages = ["."]
  pruneopts = "NUT"
  revision = "3215478343fbc559bd3fc08f7031bb134d6bdad5"
  version = "v1.0.1"

[[projects]]
  digest = "1:7d5c6757be75cd60d5936e26b2894c16bbb555bd8dad4724b0fa19efb3a6f78b"
  name = "github.com/go-sourcemap/sourcemap"
  packages = [
    ".",
    "internal/base64vlq",
  ]
  pruneopts = "NUT"
  revision = "b019cc30c1eaa584753491b0d8f8c1534bf1eb44"
  version = "v2.1.2"

[[projects]]
  branch = "master"
  digest = "1:103e1fd66c48536e9b96baeb1769ae6b204ff82bf62a01f1c50b5b45207a125c"
  name = "github.com/gobwas/httphead"
  packages = ["."]
  pruneopts = "NUT"
  revision = "2c6c146eadee0b69f856f87e3e9f1d0cd6aad2f5"

[[projects]]
  branch = "master"
  digest = "1:c42bb23075f865eb9a161246530606bd0ac20d76d01ccc13c985ac61f1516881"
  name = "github.com/gobwas/pool"
  packages = [
    ".",
    "internal/pmath",
    "pbufio",
    "pbytes",
  ]
  pruneopts = "NUT"
  revision = "fa3125c39d7eca32e1387bb69b1b38dcb31b1e0b"

[[projects]]
  digest = "1:1d82ce126dc98ad67e881e5216a4aafc2b97c388ecce0b301f776a0a576b7a0f"
  name = "github.com/gobwas/ws"
  packages = [
    ".",
    "wsutil",
  ]
  pruneopts = "NUT"
  revision = "b93773f50025fc1c14bbd7e97a3b170aae9a0977"
  version = "v0.1.0"

[[projects]]
  digest = "1:38e684375ef5b55e812332266d63f9fc5b6329ab303067c4cdda051db6d29ca4"
  name = "github.com/gogo/protobuf"
  packages = ["proto"]
  pruneopts = "NUT"
  revision = "636bf0302bc95575d69441b25a2603156ffdddf1"
  version = "v1.1.1"

[[projects]]
  branch = "master"
  digest = "1:42cf61593e73166aa16004fbe0dc536c5edfa337922cd407f410caab6e6c8329"
  name = "github.com/hashicorp/go-gatedio"
  packages = ["."]
  pruneopts = "NUT"
  revision = "8b8de1022221dde1fb52fa25d0caab46e59c8c14"

[[projects]]
  digest = "1:d0fbb40af7faf9cc62d1728be5fdd140ae17ce6e2aac6371971a0a6a2cc139d3"
  name = "github.com/jessevdk/go-flags"
  packages = ["."]
  pruneopts = "NUT"
  revision = "c6ca198ec95c841fdb89fc0de7496fed11ab854e"
  version = "v1.4.0"

[[projects]]
  digest = "1:bf3062fe212c239e6158040fda77ab256f8dcf4a61ab04bb9c538478a890a96d"
  name = "github.com/joho/godotenv"
  packages = ["."]
  pruneopts = "NUT"
  revision = "a79fa1e548e2c689c241d10173efd51e5d689d5b"
  version = "v1.2.0"

[[projects]]
  branch = "master"
  digest = "1:edc2689ab4f5b3ce111f504b42e76160a0192df86bbe8ce8c0abab749fccd538"
  name = "github.com/lann/builder"
  packages = ["."]
  pruneopts = "NUT"
  revision = "1b87b36280d04fe7882d1512bf038ea2967ad534"

[[projects]]
  branch = "master"
  digest = "1:1a5446024e4eb6d3a2edba01be7f0d360023d4c84efb9e0be1a73de1d1c840c5"
  name = "github.com/lann/ps"
  packages = ["."]
  pruneopts = "NUT"
  revision = "62de8c46ede02a7675c4c79c84883eb164cb71e3"

[[projects]]
  branch = "master"
  digest = "1:6415011db6d5f89961c38446f3552c74749462bef94904534c55e3dda1affeb9"
  name = "github.com/lib/pq"
  packages = [
    ".",
    "oid",
  ]
  pruneopts = "NUT"
  revision = "90697d60dd844d5ef6ff15135d0203f65d2f53b8"

[[projects]]
  digest = "1:493f6ac59e5350ec3fffc9bc8a83843602d2bc5df245f846ed3f1134daefeab0"
  name = "github.com/mattes/migrate"
  packages = [
    ".",
    "database",
    "database/postgres",
    "source",
    "source/go-bindata",
  ]
  pruneopts = "NUT"
  revision = "035c07716cd373d88456ec4d701402df52584cb4"
  version = "v3.0.1"

[[projects]]
  digest = "1:592fd1b8b9c8189db56dd6f1fd73f89825c25b6b636032350d4b2b639964520b"
  name = "github.com/oklog/ulid"
  packages = ["."]
  pruneopts = "NUT"
  revision = "8356aea91ceecc7d00ef87508040d1031adb2953"
  version = "v1.0.0"

[[projects]]
  digest = "1:e0cc8395ea893c898ff5eb0850f4d9851c1f57c78c232304a026379a47a552d0"
  name = "github.com/opencontainers/go-digest"
  packages = ["."]
  pruneopts = "NUT"
  revision = "279bed98673dd5bef374d3b6e4b09e2af76183bf"
  version = "v1.0.0-rc1"

[[projects]]
  digest = "1:11db38d694c130c800d0aefb502fb02519e514dc53d9804ce51d1ad25ec27db6"
  name = "github.com/opencontainers/image-spec"
  packages = [
    "specs-go",
    "specs-go/v1",
  ]
  pruneopts = "NUT"
  revision = "d60099175f88c47cd379c4738d158884749ed235"
  version = "v1.0.1"

[[projects]]
  digest = "1:ea8780346eba74e5eb3e8b6bded2ec46c1c81cd745bc00e9964b730955bf4252"
  name = "github.com/opencontainers/runc"
  packages = [
    "libcontainer/system",
    "libcontainer/user",
  ]
  pruneopts = "NUT"
  revision = "baf6536d6259209c3edfa2b22237af82942d3dfa"
  version = "v0.1.1"

[[projects]]
  digest = "1:748946761cf99c8b73cef5a3c0ee3e040859dd713a20cece0d0e0dc04e6ceca7"
  name = "github.com/patrickmn/go-cache"
  packages = ["."]
  pruneopts = "NUT"
  revision = "a3647f8e31d79543b2d0f0ae2fe5c379d72cedc0"
  version = "v2.1.0"

[[projects]]
  digest = "1:5cf3f025cbee5951a4ee961de067c8a89fc95a5adabead774f82822efabab121"
  name = "github.com/pkg/errors"
  packages = ["."]
  pruneopts = "NUT"
  revision = "645ef00459ed84a119197bfb8d8205042c6df63d"
  version = "v0.8.0"

[[projects]]
  digest = "1:6bc0652ea6e39e22ccd522458b8bdd8665bf23bdc5a20eec90056e4dc7e273ca"
  name = "github.com/satori/go.uuid"
  packages = ["."]
  pruneopts = "NUT"
  revision = "f58768cc1a7a7e77a3bd49e98cdd21419399b6a3"
  version = "v1.2.0"

[[projects]]
  digest = "1:b2339e83ce9b5c4f79405f949429a7f68a9a904fed903c672aac1e7ceb7f5f02"
  name = "github.com/sirupsen/logrus"
  packages = ["."]
  pruneopts = "NUT"
  revision = "3e01752db0189b9157070a0e1668a620f9a85da2"
  version = "v1.0.6"

[[projects]]
  digest = "1:0891eceb974b85cdd17e9beae8726fae84445bdd869c17d81653019182ec4707"
  name = "github.com/valyala/quicktemplate"
  packages = ["."]
  pruneopts = "NUT"
  revision = "de41ba48f1d9953aca12983c953532f3776b4347"
  version = "v20160617"

[[projects]]
  digest = "1:22f696cee54865fb8e9ff91df7b633f6b8f22037a8015253c6b6a71ca82219c7"
  name = "go.uber.org/atomic"
  packages = ["."]
  pruneopts = "NUT"
  revision = "1ea20fb1cbb1cc08cbd0d913a96dead89aa18289"
  version = "v1.3.2"

[[projects]]
  digest = "1:58ca93bdf81bac106ded02226b5395a0595d5346cdc4caa8d9c1f3a5f8f9976e"
  name = "go.uber.org/multierr"
  packages = ["."]
  pruneopts = "NUT"
  revision = "3c4937480c32f4c13a875a1829af76c98ca3d40a"
  version = "v1.1.0"

[[projects]]
  digest = "1:62c528643cd9de4e18c81ae52a5f0ec8a92c276259203bd1f19e33532bcb1af3"
  name = "go.uber.org/zap"
  packages = [
    ".",
    "buffer",
    "internal/bufferpool",
    "internal/color",
    "internal/exit",
    "zapcore",
  ]
  pruneopts = "NUT"
  revision = "4d45f9617f7d90f7a663ff21c7a4321dbe78098b"
  version = "v1.9.0"

[[projects]]
  branch = "master"
  digest = "1:72503e87c2b7e319cb7b676943915aa8d62b224831963dd5961624c0189daa00"
  name = "golang.org/x/crypto"
  packages = [
    "acme",
    "acme/autocert",
    "ssh/terminal",
  ]
  pruneopts = "NUT"
  revision = "c126467f60eb25f8f27e5a981f32a87e3965053f"

[[projects]]
  branch = "master"
  digest = "1:58cb5fbdf85e1f468c749aa31773ff102866831106f52762b2823ae235ca11e7"
  name = "golang.org/x/net"
  packages = [
    "context",
    "context/ctxhttp",
    "internal/socks",
    "proxy",
  ]
  pruneopts = "NUT"
  revision = "3673e40ba22529d22c3fd7c93e97b0ce50fa7bdd"

[[projects]]
  branch = "master"
  digest = "1:39ebcc2b11457b703ae9ee2e8cca0f68df21969c6102cb3b705f76cca0ea0239"
  name = "golang.org/x/sync"
  packages = ["errgroup"]
  pruneopts = "NUT"
  revision = "1d60e4601c6fd243af51cc01ddf169918a5407ca"

[[projects]]
  branch = "master"
  digest = "1:a801d3c417117b67a96353daad340b250619780b75c29b652ea13697c946553e"
  name = "golang.org/x/sys"
  packages = [
    "unix",
    "windows",
  ]
  pruneopts = "NUT"
  revision = "e072cadbbdc8dd3d3ffa82b8b4b9304c261d9311"

[[projects]]
  digest = "1:b3c214fbbb3c7c25e7c46186263453094249e464c9256f71f6e213b307ccc0f3"
  name = "golang.org/x/text"
  packages = [
    "cases",
    "collate",
    "collate/build",
    "internal",
    "internal/colltab",
    "internal/gen",
    "internal/tag",
    "internal/triegen",
    "internal/ucd",
    "language",
    "transform",
    "unicode/cldr",
    "unicode/norm",
  ]
  pruneopts = "NUT"
  revision = "f21a4dfb5e38f5895301dc265a8def02365cc3d0"
  version = "v0.3.0"

[[projects]]
  branch = "master"
  digest = "1:c9e7a4b4d47c0ed205d257648b0e5b0440880cb728506e318f8ac7cd36270bc4"
  name = "golang.org/x/time"
  packages = ["rate"]
  pruneopts = "NUT"
  revision = "fbb02b2291d28baffd63558aa44b4b56f178d650"

[[projects]]
  digest = "1:c1d9b0ec7eca0c5f1b82abe29ec426a94f43b0f1a4641f99ac80af921fe123fe"
  name = "gopkg.in/src-d/go-kallax.v1"
  packages = [
    ".",
    "types",
  ]
  pruneopts = "NUT"
  revision = "54324d6a2cb11186536d8f30e409742fa0c26272"
  version = "v1.3.5"

[solve-meta]
  analyzer-name = "dep"
  analyzer-version = 1
  input-imports = [
    "github.com/alexflint/go-arg",
    "github.com/coreos/go-systemd/journal",
    "github.com/davecgh/go-spew/spew",
    "github.com/docker/cli/cli/command/image/build",
    "github.com/docker/distribution/reference",
    "github.com/docker/docker/api/types",
    "github.com/docker/docker/api/types/container",
    "github.com/docker/docker/api/types/filters",
    "github.com/docker/docker/api/types/versions",
    "github.com/docker/docker/client",
    "github.com/docker/docker/pkg/archive",
    "github.com/docker/docker/pkg/jsonmessage",
    "github.com/docker/docker/pkg/stdcopy",
    "github.com/docker/go-units",
    "github.com/dop251/goja",
    "github.com/dop251/goja_nodejs/require",
    "github.com/dop251/goja_nodejs/util",
    "github.com/e-dard/netbug",
    "github.com/etherlabsio/healthcheck",
    "github.com/go-chi/chi",
    "github.com/go-chi/chi/middleware",
    "github.com/go-chi/cors",
    "github.com/go-chi/render",
    "github.com/gobwas/ws",
    "github.com/gobwas/ws/wsutil",
    "github.com/hashicorp/go-gatedio",
    "github.com/jessevdk/go-flags",
    "github.com/joho/godotenv",
    "github.com/lib/pq",
    "github.com/mattes/migrate",
    "github.com/mattes/migrate/database/postgres",
    "github.com/mattes/migrate/source/go-bindata",
    "github.com/oklog/ulid",
    "github.com/patrickmn/go-cache",
    "github.com/pkg/errors",
    "github.com/satori/go.uuid",
    "github.com/valyala/quicktemplate",
    "go.uber.org/atomic",
    "go.uber.org/zap",
    "go.uber.org/zap/zapcore",
    "golang.org/x/crypto/acme/autocert",
    "golang.org/x/sync/errgroup",
    "gopkg.in/src-d/go-kallax.v1",
    "gopkg.in/src-d/go-kallax.v1/types",
  ]
  solver-name = "gps-cdcl"
  solver-version = 1
